
Microsoft Visual Studio Solution File, Format Version 12.00
# Visual Studio Version 17
VisualStudioVersion = 17.5.002.0
MinimumVisualStudioVersion = 10.0.40219.1
Project("{2150E333-8FDC-42A3-9474-1A3956D46DE8}") = "Creational Patterns", "Creational Patterns", "{0DB844AA-1DA3-46DD-9F22-9B39F97FCAE3}"
EndProject
Project("{9A19103F-16F7-4668-BE54-9A1E7A4F7556}") = "Example", "Creational Patterns\Example\Example.csproj", "{7C572158-A8CE-4EB7-B0F3-E9F3DB2E2DDB}"
EndProject
Project("{2150E333-8FDC-42A3-9474-1A3956D46DE8}") = "Behavioral Patterns", "Behavioral Patterns", "{33F04A71-F5EA-432B-85F4-14651AC7D6B0}"
EndProject
Project("{2150E333-8FDC-42A3-9474-1A3956D46DE8}") = "Others", "Others", "{58CFD293-6061-4A2C-B668-BCE745B926E6}"
EndProject
Project("{9A19103F-16F7-4668-BE54-9A1E7A4F7556}") = "Subclass Sandbox", "Behavioral Patterns\Others\Subclass Sandbox\Subclass Sandbox.csproj", "{B03BEEF3-7CBF-4E6D-AA73-0C69E6078510}"
EndProject
Project("{2150E333-8FDC-42A3-9474-1A3956D46DE8}") = "Other Patterns", "Other Patterns", "{2AB27510-E592-449E-9A7A-4FC1346D2878}"
EndProject
Project("{2150E333-8FDC-42A3-9474-1A3956D46DE8}") = "Sequencing Patterns", "Sequencing Patterns", "{3D74C9BB-5DEB-4E1E-B263-B69C275A56C0}"
EndProject
Project("{9A19103F-16F7-4668-BE54-9A1E7A4F7556}") = "Double Buffer", "Other Patterns\Sequencing Patterns\Double Buffer\Double Buffer.csproj", "{5D950696-45BF-4D91-90E5-FC116CA7CAB7}"
EndProject
Project("{9A19103F-16F7-4668-BE54-9A1E7A4F7556}") = "Game Loop", "Other Patterns\Sequencing Patterns\Game Loop\Game Loop.csproj", "{DAB7726E-54C3-41D8-AFD7-0F0E1C1315EC}"
EndProject
Project("{9A19103F-16F7-4668-BE54-9A1E7A4F7556}") = "Update Method", "Other Patterns\Sequencing Patterns\Update Method\Update Method.csproj", "{4DA1CB62-F878-49BE-96BB-450CB242ED12}"
EndProject
Project("{2150E333-8FDC-42A3-9474-1A3956D46DE8}") = "Class", "Class", "{EEFD668E-6AF6-462C-9830-F9E59EACB923}"
EndProject
Project("{2150E333-8FDC-42A3-9474-1A3956D46DE8}") = "Interpreter", "Interpreter", "{61E38FFD-577A-4AE2-A177-3FC4574CC2C4}"
EndProject
Project("{9A19103F-16F7-4668-BE54-9A1E7A4F7556}") = "Interpreter 1", "Behavioral Patterns\Class\Interpreter\Interpreter 1\Interpreter 1.csproj", "{3E4A983D-BFF0-4FA6-8057-275DAA02BE16}"
EndProject
Project("{9A19103F-16F7-4668-BE54-9A1E7A4F7556}") = "Interpreter 2", "Behavioral Patterns\Class\Interpreter\Interpreter 2\Interpreter 2.csproj", "{604F412E-9536-4E5C-A56F-F244ED013EDA}"
EndProject
Project("{2150E333-8FDC-42A3-9474-1A3956D46DE8}") = "Object", "Object", "{1D13EE7B-70FB-49A6-B640-19C20383660C}"
EndProject
Project("{2150E333-8FDC-42A3-9474-1A3956D46DE8}") = "Chain of Responsibility", "Chain of Responsibility", "{0B698D6E-82DA-4DD7-89F1-7C0BE7B376E2}"
EndProject
Project("{9A19103F-16F7-4668-BE54-9A1E7A4F7556}") = "Chain of Responsibility 1", "Behavioral Patterns\Object\Chain of Responsibility\Chain of Responsibility 1\Chain of Responsibility 1.csproj", "{05CF26CF-23CF-4259-B8E3-2BA1BB3E2C02}"
EndProject
Project("{2150E333-8FDC-42A3-9474-1A3956D46DE8}") = "Command", "Command", "{79CDAD9C-31DF-4A3F-80B9-E20DDCC6099B}"
EndProject
Project("{9A19103F-16F7-4668-BE54-9A1E7A4F7556}") = "Command 1", "Behavioral Patterns\Object\Command\Command 1\Command 1.csproj", "{FC12D0AC-697C-46BE-B995-F8CF8DF4AE42}"
EndProject
Project("{2150E333-8FDC-42A3-9474-1A3956D46DE8}") = "Iterator", "Iterator", "{22FBAB63-AAA3-48A2-8C0D-6600209D46F6}"
EndProject
Project("{9A19103F-16F7-4668-BE54-9A1E7A4F7556}") = "Iterator 1", "Behavioral Patterns\Object\Iterator\Iterator 1\Iterator 1.csproj", "{91F7BC10-7A75-4475-BAA1-79C17A438114}"
EndProject
Project("{2150E333-8FDC-42A3-9474-1A3956D46DE8}") = "Mediator", "Mediator", "{73D2F91A-73CA-45D1-A8AE-5C3528E81FAF}"
EndProject
Project("{9A19103F-16F7-4668-BE54-9A1E7A4F7556}") = "Mediator 1", "Behavioral Patterns\Object\Mediator\Mediator 1\Mediator 1.csproj", "{04777DF7-CCFB-4C42-8118-7C2663947738}"
EndProject
Project("{2150E333-8FDC-42A3-9474-1A3956D46DE8}") = "Bytecode", "Bytecode", "{F27A671F-3D10-449E-8231-265A85D35E00}"
EndProject
Project("{9A19103F-16F7-4668-BE54-9A1E7A4F7556}") = "Bytecode", "Behavioral Patterns\Others\Bytecode\Interpreter\Bytecode.csproj", "{136A9863-2CE6-49A5-B6DF-417BDDD9DC67}"
EndProject
Project("{2150E333-8FDC-42A3-9474-1A3956D46DE8}") = "Class", "Class", "{D9294B92-E362-4077-A89B-AD013E3CA061}"
EndProject
Project("{2150E333-8FDC-42A3-9474-1A3956D46DE8}") = "Factory Method", "Factory Method", "{A77EFAE3-C518-409B-A71B-96C72088368A}"
EndProject
Project("{9A19103F-16F7-4668-BE54-9A1E7A4F7556}") = "Factory Method 1", "Creational Patterns\Class\Factory Method\Fatory Method 1\Factory Method 1.csproj", "{372F21C7-122E-4F5F-92B1-4827010631AD}"
EndProject
Project("{2150E333-8FDC-42A3-9474-1A3956D46DE8}") = "Object", "Object", "{C458F983-1D35-4A72-ACC6-9D6407879634}"
EndProject
Project("{2150E333-8FDC-42A3-9474-1A3956D46DE8}") = "Abstract Factory", "Abstract Factory", "{45E24B84-3C40-4C31-B232-86DA9D58F783}"
EndProject
Project("{9A19103F-16F7-4668-BE54-9A1E7A4F7556}") = "Abstract Factory 1", "Creational Patterns\Object\Abstract Factory\Abstract Factory 1\Abstract Factory 1.csproj", "{936D5A43-F710-432D-A7E3-47C1B41A9B16}"
EndProject
Project("{2150E333-8FDC-42A3-9474-1A3956D46DE8}") = "Builder", "Builder", "{308A597E-08EC-4AC3-949F-43AA64A2DAB2}"
EndProject
Project("{9A19103F-16F7-4668-BE54-9A1E7A4F7556}") = "Builder 1", "Creational Patterns\Object\Builder\Builder 1\Builder 1.csproj", "{9C0A3EDA-8E56-4C0E-B063-054726B73D62}"
EndProject
Project("{2150E333-8FDC-42A3-9474-1A3956D46DE8}") = "Prototype", "Prototype", "{3EC2525A-D330-47A7-816B-09301C0807B8}"
EndProject
Project("{9A19103F-16F7-4668-BE54-9A1E7A4F7556}") = "Prototype 1", "Creational Patterns\Object\Prototype\Prototype 1\Prototype 1.csproj", "{F154CE0E-F566-4A07-91AD-A05112D1222F}"
EndProject
Project("{9A19103F-16F7-4668-BE54-9A1E7A4F7556}") = "Prototype 2", "Creational Patterns\Object\Prototype\Prototype 2\Prototype 2.csproj", "{D6347C6B-12B0-496D-B5F9-E1912D4DBC09}"
EndProject
Project("{2150E333-8FDC-42A3-9474-1A3956D46DE8}") = "Singleton", "Singleton", "{8E1710D7-4388-4383-B559-010D996D73B1}"
EndProject
Project("{9A19103F-16F7-4668-BE54-9A1E7A4F7556}") = "Singleton 1", "Creational Patterns\Object\Singleton\Singleton 1\Singleton 1.csproj", "{77A66D9F-C49D-4981-81FC-1436DB0C234B}"
EndProject
Project("{2150E333-8FDC-42A3-9474-1A3956D46DE8}") = "Structure Patterns", "Structure Patterns", "{214797DC-2E0F-46F0-A404-F9C062B9C20A}"
EndProject
Project("{2150E333-8FDC-42A3-9474-1A3956D46DE8}") = "Object", "Object", "{4573951B-9E02-4653-AC16-BAAC5F14D0D3}"
EndProject
Project("{2150E333-8FDC-42A3-9474-1A3956D46DE8}") = "Adapter", "Adapter", "{9AFB4F23-BF01-4978-B43C-8EF187CF591E}"
EndProject
Project("{9A19103F-16F7-4668-BE54-9A1E7A4F7556}") = "Adapter 1", "Structure Patterns\Object\Adapter\Adapter 1\Adapter 1.csproj", "{88ACB65C-764A-4AF5-9142-626B848D321C}"
EndProject
Project("{2150E333-8FDC-42A3-9474-1A3956D46DE8}") = "Bridge", "Bridge", "{C42F0774-CFA4-4E84-8D0B-DB7C6AFE0672}"
EndProject
Project("{9A19103F-16F7-4668-BE54-9A1E7A4F7556}") = "Bridge 1", "Structure Patterns\Object\Bridge\Bridge 1\Bridge 1.csproj", "{70CC526D-81A9-4D77-A515-55545412171A}"
EndProject
Project("{2150E333-8FDC-42A3-9474-1A3956D46DE8}") = "Composite", "Composite", "{775B16C1-2424-49E2-856D-09C3B4E3EEDF}"
EndProject
Project("{9A19103F-16F7-4668-BE54-9A1E7A4F7556}") = "Composite 1", "Structure Patterns\Object\Composite\Composite 1\Composite 1.csproj", "{7E1BDA95-4802-402A-9E5E-4E083A965A14}"
EndProject
Project("{2150E333-8FDC-42A3-9474-1A3956D46DE8}") = "Decorator", "Decorator", "{326BAD15-55B5-4B4C-9B54-26A225C2B8E0}"
EndProject
Project("{9A19103F-16F7-4668-BE54-9A1E7A4F7556}") = "Decorator 1", "Structure Patterns\Object\Decorator\Decorator 1\Decorator 1.csproj", "{207EF8AB-0CB3-4C7D-8A72-C6D0D04C7A02}"
EndProject
Project("{2150E333-8FDC-42A3-9474-1A3956D46DE8}") = "Facade", "Facade", "{742F7709-F600-42E7-810B-24063313E91A}"
EndProject
Project("{9A19103F-16F7-4668-BE54-9A1E7A4F7556}") = "Facade 1", "Structure Patterns\Object\Facade\Facade 1\Facade 1.csproj", "{E8138A6C-4E02-46F4-A9EF-47091472C1CA}"
EndProject
Project("{2150E333-8FDC-42A3-9474-1A3956D46DE8}") = "Flyweight", "Flyweight", "{24BA21C4-3501-49AD-B183-187B6E09D057}"
EndProject
Project("{9A19103F-16F7-4668-BE54-9A1E7A4F7556}") = "Flyweight 1", "Structure Patterns\Object\Flyweight\Flyweight 1\Flyweight 1.csproj", "{33F6EEC2-0899-4A81-8B2E-879B6109AA4D}"
EndProject
Project("{2150E333-8FDC-42A3-9474-1A3956D46DE8}") = "Proxy", "Proxy", "{16FE384D-BBC5-4B16-8FC5-F1399C94EB4D}"
EndProject
Project("{9A19103F-16F7-4668-BE54-9A1E7A4F7556}") = "Proxy 1", "Structure Patterns\Object\Proxy\Proxy 1\Proxy 1.csproj", "{344A2BD9-7241-45E0-A1A1-757B5DA971AE}"
EndProject
Project("{FAE04EC0-301F-11D3-BF4B-00C04F79EFBC}") = "Mediator 2", "Behavioral Patterns\Object\Mediator\Mediator 2\Mediator 2.csproj", "{C6415FDB-4A88-47D2-B34B-8CB13946C156}"
EndProject
Global
	GlobalSection(SolutionConfigurationPlatforms) = preSolution
		Debug|Any CPU = Debug|Any CPU
		Release|Any CPU = Release|Any CPU
	EndGlobalSection
	GlobalSection(ProjectConfigurationPlatforms) = postSolution
		{7C572158-A8CE-4EB7-B0F3-E9F3DB2E2DDB}.Debug|Any CPU.ActiveCfg = Debug|Any CPU
		{7C572158-A8CE-4EB7-B0F3-E9F3DB2E2DDB}.Debug|Any CPU.Build.0 = Debug|Any CPU
		{7C572158-A8CE-4EB7-B0F3-E9F3DB2E2DDB}.Release|Any CPU.ActiveCfg = Release|Any CPU
		{7C572158-A8CE-4EB7-B0F3-E9F3DB2E2DDB}.Release|Any CPU.Build.0 = Release|Any CPU
		{B03BEEF3-7CBF-4E6D-AA73-0C69E6078510}.Debug|Any CPU.ActiveCfg = Debug|Any CPU
		{B03BEEF3-7CBF-4E6D-AA73-0C69E6078510}.Debug|Any CPU.Build.0 = Debug|Any CPU
		{B03BEEF3-7CBF-4E6D-AA73-0C69E6078510}.Release|Any CPU.ActiveCfg = Release|Any CPU
		{B03BEEF3-7CBF-4E6D-AA73-0C69E6078510}.Release|Any CPU.Build.0 = Release|Any CPU
		{5D950696-45BF-4D91-90E5-FC116CA7CAB7}.Debug|Any CPU.ActiveCfg = Debug|Any CPU
		{5D950696-45BF-4D91-90E5-FC116CA7CAB7}.Debug|Any CPU.Build.0 = Debug|Any CPU
		{5D950696-45BF-4D91-90E5-FC116CA7CAB7}.Release|Any CPU.ActiveCfg = Release|Any CPU
		{5D950696-45BF-4D91-90E5-FC116CA7CAB7}.Release|Any CPU.Build.0 = Release|Any CPU
		{DAB7726E-54C3-41D8-AFD7-0F0E1C1315EC}.Debug|Any CPU.ActiveCfg = Debug|Any CPU
		{DAB7726E-54C3-41D8-AFD7-0F0E1C1315EC}.Debug|Any CPU.Build.0 = Debug|Any CPU
		{DAB7726E-54C3-41D8-AFD7-0F0E1C1315EC}.Release|Any CPU.ActiveCfg = Release|Any CPU
		{DAB7726E-54C3-41D8-AFD7-0F0E1C1315EC}.Release|Any CPU.Build.0 = Release|Any CPU
		{4DA1CB62-F878-49BE-96BB-450CB242ED12}.Debug|Any CPU.ActiveCfg = Debug|Any CPU
		{4DA1CB62-F878-49BE-96BB-450CB242ED12}.Debug|Any CPU.Build.0 = Debug|Any CPU
		{4DA1CB62-F878-49BE-96BB-450CB242ED12}.Release|Any CPU.ActiveCfg = Release|Any CPU
		{4DA1CB62-F878-49BE-96BB-450CB242ED12}.Release|Any CPU.Build.0 = Release|Any CPU
		{3E4A983D-BFF0-4FA6-8057-275DAA02BE16}.Debug|Any CPU.ActiveCfg = Debug|Any CPU
		{3E4A983D-BFF0-4FA6-8057-275DAA02BE16}.Debug|Any CPU.Build.0 = Debug|Any CPU
		{3E4A983D-BFF0-4FA6-8057-275DAA02BE16}.Release|Any CPU.ActiveCfg = Release|Any CPU
		{3E4A983D-BFF0-4FA6-8057-275DAA02BE16}.Release|Any CPU.Build.0 = Release|Any CPU
		{604F412E-9536-4E5C-A56F-F244ED013EDA}.Debug|Any CPU.ActiveCfg = Debug|Any CPU
		{604F412E-9536-4E5C-A56F-F244ED013EDA}.Debug|Any CPU.Build.0 = Debug|Any CPU
		{604F412E-9536-4E5C-A56F-F244ED013EDA}.Release|Any CPU.ActiveCfg = Release|Any CPU
		{604F412E-9536-4E5C-A56F-F244ED013EDA}.Release|Any CPU.Build.0 = Release|Any CPU
		{05CF26CF-23CF-4259-B8E3-2BA1BB3E2C02}.Debug|Any CPU.ActiveCfg = Debug|Any CPU
		{05CF26CF-23CF-4259-B8E3-2BA1BB3E2C02}.Debug|Any CPU.Build.0 = Debug|Any CPU
		{05CF26CF-23CF-4259-B8E3-2BA1BB3E2C02}.Release|Any CPU.ActiveCfg = Release|Any CPU
		{05CF26CF-23CF-4259-B8E3-2BA1BB3E2C02}.Release|Any CPU.Build.0 = Release|Any CPU
		{FC12D0AC-697C-46BE-B995-F8CF8DF4AE42}.Debug|Any CPU.ActiveCfg = Debug|Any CPU
		{FC12D0AC-697C-46BE-B995-F8CF8DF4AE42}.Debug|Any CPU.Build.0 = Debug|Any CPU
		{FC12D0AC-697C-46BE-B995-F8CF8DF4AE42}.Release|Any CPU.ActiveCfg = Release|Any CPU
		{FC12D0AC-697C-46BE-B995-F8CF8DF4AE42}.Release|Any CPU.Build.0 = Release|Any CPU
		{91F7BC10-7A75-4475-BAA1-79C17A438114}.Debug|Any CPU.ActiveCfg = Debug|Any CPU
		{91F7BC10-7A75-4475-BAA1-79C17A438114}.Debug|Any CPU.Build.0 = Debug|Any CPU
		{91F7BC10-7A75-4475-BAA1-79C17A438114}.Release|Any CPU.ActiveCfg = Release|Any CPU
		{91F7BC10-7A75-4475-BAA1-79C17A438114}.Release|Any CPU.Build.0 = Release|Any CPU
		{04777DF7-CCFB-4C42-8118-7C2663947738}.Debug|Any CPU.ActiveCfg = Debug|Any CPU
		{04777DF7-CCFB-4C42-8118-7C2663947738}.Debug|Any CPU.Build.0 = Debug|Any CPU
		{04777DF7-CCFB-4C42-8118-7C2663947738}.Release|Any CPU.ActiveCfg = Release|Any CPU
		{04777DF7-CCFB-4C42-8118-7C2663947738}.Release|Any CPU.Build.0 = Release|Any CPU
		{136A9863-2CE6-49A5-B6DF-417BDDD9DC67}.Debug|Any CPU.ActiveCfg = Debug|Any CPU
		{136A9863-2CE6-49A5-B6DF-417BDDD9DC67}.Debug|Any CPU.Build.0 = Debug|Any CPU
		{136A9863-2CE6-49A5-B6DF-417BDDD9DC67}.Release|Any CPU.ActiveCfg = Release|Any CPU
		{136A9863-2CE6-49A5-B6DF-417BDDD9DC67}.Release|Any CPU.Build.0 = Release|Any CPU
		{372F21C7-122E-4F5F-92B1-4827010631AD}.Debug|Any CPU.ActiveCfg = Debug|Any CPU
		{372F21C7-122E-4F5F-92B1-4827010631AD}.Debug|Any CPU.Build.0 = Debug|Any CPU
		{372F21C7-122E-4F5F-92B1-4827010631AD}.Release|Any CPU.ActiveCfg = Release|Any CPU
		{372F21C7-122E-4F5F-92B1-4827010631AD}.Release|Any CPU.Build.0 = Release|Any CPU
		{936D5A43-F710-432D-A7E3-47C1B41A9B16}.Debug|Any CPU.ActiveCfg = Debug|Any CPU
		{936D5A43-F710-432D-A7E3-47C1B41A9B16}.Debug|Any CPU.Build.0 = Debug|Any CPU
		{936D5A43-F710-432D-A7E3-47C1B41A9B16}.Release|Any CPU.ActiveCfg = Release|Any CPU
		{936D5A43-F710-432D-A7E3-47C1B41A9B16}.Release|Any CPU.Build.0 = Release|Any CPU
		{9C0A3EDA-8E56-4C0E-B063-054726B73D62}.Debug|Any CPU.ActiveCfg = Debug|Any CPU
		{9C0A3EDA-8E56-4C0E-B063-054726B73D62}.Debug|Any CPU.Build.0 = Debug|Any CPU
		{9C0A3EDA-8E56-4C0E-B063-054726B73D62}.Release|Any CPU.ActiveCfg = Release|Any CPU
		{9C0A3EDA-8E56-4C0E-B063-054726B73D62}.Release|Any CPU.Build.0 = Release|Any CPU
		{F154CE0E-F566-4A07-91AD-A05112D1222F}.Debug|Any CPU.ActiveCfg = Debug|Any CPU
		{F154CE0E-F566-4A07-91AD-A05112D1222F}.Debug|Any CPU.Build.0 = Debug|Any CPU
		{F154CE0E-F566-4A07-91AD-A05112D1222F}.Release|Any CPU.ActiveCfg = Release|Any CPU
		{F154CE0E-F566-4A07-91AD-A05112D1222F}.Release|Any CPU.Build.0 = Release|Any CPU
		{D6347C6B-12B0-496D-B5F9-E1912D4DBC09}.Debug|Any CPU.ActiveCfg = Debug|Any CPU
		{D6347C6B-12B0-496D-B5F9-E1912D4DBC09}.Debug|Any CPU.Build.0 = Debug|Any CPU
		{D6347C6B-12B0-496D-B5F9-E1912D4DBC09}.Release|Any CPU.ActiveCfg = Release|Any CPU
		{D6347C6B-12B0-496D-B5F9-E1912D4DBC09}.Release|Any CPU.Build.0 = Release|Any CPU
		{77A66D9F-C49D-4981-81FC-1436DB0C234B}.Debug|Any CPU.ActiveCfg = Debug|Any CPU
		{77A66D9F-C49D-4981-81FC-1436DB0C234B}.Debug|Any CPU.Build.0 = Debug|Any CPU
		{77A66D9F-C49D-4981-81FC-1436DB0C234B}.Release|Any CPU.ActiveCfg = Release|Any CPU
		{77A66D9F-C49D-4981-81FC-1436DB0C234B}.Release|Any CPU.Build.0 = Release|Any CPU
		{88ACB65C-764A-4AF5-9142-626B848D321C}.Debug|Any CPU.ActiveCfg = Debug|Any CPU
		{88ACB65C-764A-4AF5-9142-626B848D321C}.Debug|Any CPU.Build.0 = Debug|Any CPU
		{88ACB65C-764A-4AF5-9142-626B848D321C}.Release|Any CPU.ActiveCfg = Release|Any CPU
		{88ACB65C-764A-4AF5-9142-626B848D321C}.Release|Any CPU.Build.0 = Release|Any CPU
		{70CC526D-81A9-4D77-A515-55545412171A}.Debug|Any CPU.ActiveCfg = Debug|Any CPU
		{70CC526D-81A9-4D77-A515-55545412171A}.Debug|Any CPU.Build.0 = Debug|Any CPU
		{70CC526D-81A9-4D77-A515-55545412171A}.Release|Any CPU.ActiveCfg = Release|Any CPU
		{70CC526D-81A9-4D77-A515-55545412171A}.Release|Any CPU.Build.0 = Release|Any CPU
		{7E1BDA95-4802-402A-9E5E-4E083A965A14}.Debug|Any CPU.ActiveCfg = Debug|Any CPU
		{7E1BDA95-4802-402A-9E5E-4E083A965A14}.Debug|Any CPU.Build.0 = Debug|Any CPU
		{7E1BDA95-4802-402A-9E5E-4E083A965A14}.Release|Any CPU.ActiveCfg = Release|Any CPU
		{7E1BDA95-4802-402A-9E5E-4E083A965A14}.Release|Any CPU.Build.0 = Release|Any CPU
		{207EF8AB-0CB3-4C7D-8A72-C6D0D04C7A02}.Debug|Any CPU.ActiveCfg = Debug|Any CPU
		{207EF8AB-0CB3-4C7D-8A72-C6D0D04C7A02}.Debug|Any CPU.Build.0 = Debug|Any CPU
		{207EF8AB-0CB3-4C7D-8A72-C6D0D04C7A02}.Release|Any CPU.ActiveCfg = Release|Any CPU
		{207EF8AB-0CB3-4C7D-8A72-C6D0D04C7A02}.Release|Any CPU.Build.0 = Release|Any CPU
		{E8138A6C-4E02-46F4-A9EF-47091472C1CA}.Debug|Any CPU.ActiveCfg = Debug|Any CPU
		{E8138A6C-4E02-46F4-A9EF-47091472C1CA}.Debug|Any CPU.Build.0 = Debug|Any CPU
		{E8138A6C-4E02-46F4-A9EF-47091472C1CA}.Release|Any CPU.ActiveCfg = Release|Any CPU
		{E8138A6C-4E02-46F4-A9EF-47091472C1CA}.Release|Any CPU.Build.0 = Release|Any CPU
		{33F6EEC2-0899-4A81-8B2E-879B6109AA4D}.Debug|Any CPU.ActiveCfg = Debug|Any CPU
		{33F6EEC2-0899-4A81-8B2E-879B6109AA4D}.Debug|Any CPU.Build.0 = Debug|Any CPU
		{33F6EEC2-0899-4A81-8B2E-879B6109AA4D}.Release|Any CPU.ActiveCfg = Release|Any CPU
		{33F6EEC2-0899-4A81-8B2E-879B6109AA4D}.Release|Any CPU.Build.0 = Release|Any CPU
		{344A2BD9-7241-45E0-A1A1-757B5DA971AE}.Debug|Any CPU.ActiveCfg = Debug|Any CPU
		{344A2BD9-7241-45E0-A1A1-757B5DA971AE}.Debug|Any CPU.Build.0 = Debug|Any CPU
		{344A2BD9-7241-45E0-A1A1-757B5DA971AE}.Release|Any CPU.ActiveCfg = Release|Any CPU
		{344A2BD9-7241-45E0-A1A1-757B5DA971AE}.Release|Any CPU.Build.0 = Release|Any CPU
		{C6415FDB-4A88-47D2-B34B-8CB13946C156}.Debug|Any CPU.ActiveCfg = Debug|Any CPU
		{C6415FDB-4A88-47D2-B34B-8CB13946C156}.Debug|Any CPU.Build.0 = Debug|Any CPU
		{C6415FDB-4A88-47D2-B34B-8CB13946C156}.Release|Any CPU.ActiveCfg = Release|Any CPU
		{C6415FDB-4A88-47D2-B34B-8CB13946C156}.Release|Any CPU.Build.0 = Release|Any CPU
	EndGlobalSection
	GlobalSection(SolutionProperties) = preSolution
		HideSolutionNode = FALSE
	EndGlobalSection
	GlobalSection(NestedProjects) = preSolution
		{7C572158-A8CE-4EB7-B0F3-E9F3DB2E2DDB} = {0DB844AA-1DA3-46DD-9F22-9B39F97FCAE3}
		{58CFD293-6061-4A2C-B668-BCE745B926E6} = {33F04A71-F5EA-432B-85F4-14651AC7D6B0}
		{B03BEEF3-7CBF-4E6D-AA73-0C69E6078510} = {58CFD293-6061-4A2C-B668-BCE745B926E6}
		{3D74C9BB-5DEB-4E1E-B263-B69C275A56C0} = {2AB27510-E592-449E-9A7A-4FC1346D2878}
		{5D950696-45BF-4D91-90E5-FC116CA7CAB7} = {3D74C9BB-5DEB-4E1E-B263-B69C275A56C0}
		{DAB7726E-54C3-41D8-AFD7-0F0E1C1315EC} = {3D74C9BB-5DEB-4E1E-B263-B69C275A56C0}
		{4DA1CB62-F878-49BE-96BB-450CB242ED12} = {3D74C9BB-5DEB-4E1E-B263-B69C275A56C0}
		{EEFD668E-6AF6-462C-9830-F9E59EACB923} = {33F04A71-F5EA-432B-85F4-14651AC7D6B0}
		{61E38FFD-577A-4AE2-A177-3FC4574CC2C4} = {EEFD668E-6AF6-462C-9830-F9E59EACB923}
		{3E4A983D-BFF0-4FA6-8057-275DAA02BE16} = {61E38FFD-577A-4AE2-A177-3FC4574CC2C4}
		{604F412E-9536-4E5C-A56F-F244ED013EDA} = {61E38FFD-577A-4AE2-A177-3FC4574CC2C4}
		{1D13EE7B-70FB-49A6-B640-19C20383660C} = {33F04A71-F5EA-432B-85F4-14651AC7D6B0}
		{0B698D6E-82DA-4DD7-89F1-7C0BE7B376E2} = {1D13EE7B-70FB-49A6-B640-19C20383660C}
		{05CF26CF-23CF-4259-B8E3-2BA1BB3E2C02} = {0B698D6E-82DA-4DD7-89F1-7C0BE7B376E2}
		{79CDAD9C-31DF-4A3F-80B9-E20DDCC6099B} = {1D13EE7B-70FB-49A6-B640-19C20383660C}
		{FC12D0AC-697C-46BE-B995-F8CF8DF4AE42} = {79CDAD9C-31DF-4A3F-80B9-E20DDCC6099B}
		{22FBAB63-AAA3-48A2-8C0D-6600209D46F6} = {1D13EE7B-70FB-49A6-B640-19C20383660C}
		{91F7BC10-7A75-4475-BAA1-79C17A438114} = {22FBAB63-AAA3-48A2-8C0D-6600209D46F6}
		{73D2F91A-73CA-45D1-A8AE-5C3528E81FAF} = {1D13EE7B-70FB-49A6-B640-19C20383660C}
		{04777DF7-CCFB-4C42-8118-7C2663947738} = {73D2F91A-73CA-45D1-A8AE-5C3528E81FAF}
		{F27A671F-3D10-449E-8231-265A85D35E00} = {58CFD293-6061-4A2C-B668-BCE745B926E6}
		{136A9863-2CE6-49A5-B6DF-417BDDD9DC67} = {F27A671F-3D10-449E-8231-265A85D35E00}
		{D9294B92-E362-4077-A89B-AD013E3CA061} = {0DB844AA-1DA3-46DD-9F22-9B39F97FCAE3}
		{A77EFAE3-C518-409B-A71B-96C72088368A} = {D9294B92-E362-4077-A89B-AD013E3CA061}
		{372F21C7-122E-4F5F-92B1-4827010631AD} = {A77EFAE3-C518-409B-A71B-96C72088368A}
		{C458F983-1D35-4A72-ACC6-9D6407879634} = {0DB844AA-1DA3-46DD-9F22-9B39F97FCAE3}
		{45E24B84-3C40-4C31-B232-86DA9D58F783} = {C458F983-1D35-4A72-ACC6-9D6407879634}
		{936D5A43-F710-432D-A7E3-47C1B41A9B16} = {45E24B84-3C40-4C31-B232-86DA9D58F783}
		{308A597E-08EC-4AC3-949F-43AA64A2DAB2} = {C458F983-1D35-4A72-ACC6-9D6407879634}
		{9C0A3EDA-8E56-4C0E-B063-054726B73D62} = {308A597E-08EC-4AC3-949F-43AA64A2DAB2}
		{3EC2525A-D330-47A7-816B-09301C0807B8} = {C458F983-1D35-4A72-ACC6-9D6407879634}
		{F154CE0E-F566-4A07-91AD-A05112D1222F} = {3EC2525A-D330-47A7-816B-09301C0807B8}
		{D6347C6B-12B0-496D-B5F9-E1912D4DBC09} = {3EC2525A-D330-47A7-816B-09301C0807B8}
		{8E1710D7-4388-4383-B559-010D996D73B1} = {C458F983-1D35-4A72-ACC6-9D6407879634}
		{77A66D9F-C49D-4981-81FC-1436DB0C234B} = {8E1710D7-4388-4383-B559-010D996D73B1}
		{4573951B-9E02-4653-AC16-BAAC5F14D0D3} = {214797DC-2E0F-46F0-A404-F9C062B9C20A}
		{9AFB4F23-BF01-4978-B43C-8EF187CF591E} = {4573951B-9E02-4653-AC16-BAAC5F14D0D3}
		{88ACB65C-764A-4AF5-9142-626B848D321C} = {9AFB4F23-BF01-4978-B43C-8EF187CF591E}
		{C42F0774-CFA4-4E84-8D0B-DB7C6AFE0672} = {4573951B-9E02-4653-AC16-BAAC5F14D0D3}
		{70CC526D-81A9-4D77-A515-55545412171A} = {C42F0774-CFA4-4E84-8D0B-DB7C6AFE0672}
		{775B16C1-2424-49E2-856D-09C3B4E3EEDF} = {4573951B-9E02-4653-AC16-BAAC5F14D0D3}
		{7E1BDA95-4802-402A-9E5E-4E083A965A14} = {775B16C1-2424-49E2-856D-09C3B4E3EEDF}
		{326BAD15-55B5-4B4C-9B54-26A225C2B8E0} = {4573951B-9E02-4653-AC16-BAAC5F14D0D3}
		{207EF8AB-0CB3-4C7D-8A72-C6D0D04C7A02} = {326BAD15-55B5-4B4C-9B54-26A225C2B8E0}
		{742F7709-F600-42E7-810B-24063313E91A} = {4573951B-9E02-4653-AC16-BAAC5F14D0D3}
		{E8138A6C-4E02-46F4-A9EF-47091472C1CA} = {742F7709-F600-42E7-810B-24063313E91A}
		{24BA21C4-3501-49AD-B183-187B6E09D057} = {4573951B-9E02-4653-AC16-BAAC5F14D0D3}
		{33F6EEC2-0899-4A81-8B2E-879B6109AA4D} = {24BA21C4-3501-49AD-B183-187B6E09D057}
		{16FE384D-BBC5-4B16-8FC5-F1399C94EB4D} = {4573951B-9E02-4653-AC16-BAAC5F14D0D3}
		{344A2BD9-7241-45E0-A1A1-757B5DA971AE} = {16FE384D-BBC5-4B16-8FC5-F1399C94EB4D}
		{C6415FDB-4A88-47D2-B34B-8CB13946C156} = {73D2F91A-73CA-45D1-A8AE-5C3528E81FAF}
	EndGlobalSection
	GlobalSection(ExtensibilityGlobals) = postSolution
		SolutionGuid = {9649E33F-502E-43FA-A1E0-9D53D372139E}
	EndGlobalSection
EndGlobal
