
Microsoft Visual Studio Solution File, Format Version 12.00
# Visual Studio Version 17
VisualStudioVersion = 17.5.002.0
MinimumVisualStudioVersion = 10.0.40219.1
Project("{2150E333-8FDC-42A3-9474-1A3956D46DE8}") = "Creational Patterns", "Creational Patterns", "{0FA0E9DF-AB9F-43C7-9373-A52FCCE4D2F7}"
EndProject
Project("{9A19103F-16F7-4668-BE54-9A1E7A4F7556}") = "Example", "Creational Patterns\Example\Example.csproj", "{1EBF25CC-0E6C-4CE2-9FA9-8D8AFE03C80B}"
EndProject
Project("{2150E333-8FDC-42A3-9474-1A3956D46DE8}") = "Behavioral Patterns", "Behavioral Patterns", "{79ED388C-317B-48B5-B432-B36090EF1C02}"
EndProject
Project("{2150E333-8FDC-42A3-9474-1A3956D46DE8}") = "Object", "Object", "{A0DFA47E-2417-4CD0-A03D-55C81F43B39F}"
EndProject
Project("{9A19103F-16F7-4668-BE54-9A1E7A4F7556}") = "Chain of Responsibility", "Behavioral Patterns\Object\Chain of Responsibility\Chain of Responsibility.csproj", "{D5558D2B-4B45-42EB-9386-92798E7F79CA}"
EndProject
Project("{9A19103F-16F7-4668-BE54-9A1E7A4F7556}") = "Command", "Behavioral Patterns\Object\Command\Command.csproj", "{935413E1-A7D6-4956-9F17-519A4755B786}"
EndProject
Project("{2150E333-8FDC-42A3-9474-1A3956D46DE8}") = "Others", "Others", "{C761D0A9-DA65-4C8D-AB7A-7412DB618FFA}"
EndProject
Project("{9A19103F-16F7-4668-BE54-9A1E7A4F7556}") = "Subclass Sandbox", "Behavioral Patterns\Others\Subclass Sandbox\Subclass Sandbox.csproj", "{286DC61F-46A0-4466-B8FE-24AFED5DD70C}"
EndProject
Project("{2150E333-8FDC-42A3-9474-1A3956D46DE8}") = "Class", "Class", "{5FEDDAAE-A739-41B8-932D-9E98CC5117EC}"
EndProject
Project("{9A19103F-16F7-4668-BE54-9A1E7A4F7556}") = "Factory Method", "Creational Patterns\Class\Factory Method\Factory Method.csproj", "{30E358BE-8C6A-41D0-BAA4-F0D6A3AA5718}"
EndProject
Project("{2150E333-8FDC-42A3-9474-1A3956D46DE8}") = "Object", "Object", "{137FBEFD-0BE8-42EB-9327-5D24E4DF1C3C}"
EndProject
Project("{9A19103F-16F7-4668-BE54-9A1E7A4F7556}") = "Abstract Factory", "Creational Patterns\Object\Abstract Factory\Abstract Factory.csproj", "{52212955-68BC-4AAB-8E61-5FF555EDFDED}"
EndProject
Project("{9A19103F-16F7-4668-BE54-9A1E7A4F7556}") = "Builder", "Creational Patterns\Object\Builder\Builder.csproj", "{445D5724-3F6F-4689-A497-1EDB6F22BE8A}"
EndProject
Project("{9A19103F-16F7-4668-BE54-9A1E7A4F7556}") = "Singleton", "Creational Patterns\Object\Singleton\Singleton.csproj", "{A67A125A-783F-43F7-BDB9-7998E5499DE5}"
EndProject
Project("{2150E333-8FDC-42A3-9474-1A3956D46DE8}") = "Other Patterns", "Other Patterns", "{38659EFA-A5DC-4F0D-B2B7-A6E874B3ED32}"
EndProject
Project("{2150E333-8FDC-42A3-9474-1A3956D46DE8}") = "Sequencing Patterns", "Sequencing Patterns", "{9A18EB1B-01AF-4165-A437-80E66B61A171}"
EndProject
Project("{9A19103F-16F7-4668-BE54-9A1E7A4F7556}") = "Double Buffer", "Other Patterns\Sequencing Patterns\Double Buffer\Double Buffer.csproj", "{4FD45ABE-95CB-4D46-B57F-58E8E49182F5}"
EndProject
Project("{9A19103F-16F7-4668-BE54-9A1E7A4F7556}") = "Game Loop", "Other Patterns\Sequencing Patterns\Game Loop\Game Loop.csproj", "{AE8B518D-51CF-4494-8491-472077260587}"
EndProject
Project("{9A19103F-16F7-4668-BE54-9A1E7A4F7556}") = "Update Method", "Other Patterns\Sequencing Patterns\Update Method\Update Method.csproj", "{83B6126C-F097-4A53-94E5-C260A0FF7C9D}"
EndProject
Project("{2150E333-8FDC-42A3-9474-1A3956D46DE8}") = "Structure Patterns", "Structure Patterns", "{F92C0B0C-F9C5-449F-90A0-4E0A689CF238}"
EndProject
Project("{2150E333-8FDC-42A3-9474-1A3956D46DE8}") = "Object", "Object", "{5A733080-2FD3-4583-912C-77A86554013A}"
EndProject
Project("{9A19103F-16F7-4668-BE54-9A1E7A4F7556}") = "Adapter", "Structure Patterns\Object\Adapter\Adapter.csproj", "{CB06C409-5514-4F5B-ADF5-47BB06C9E08E}"
EndProject
Project("{9A19103F-16F7-4668-BE54-9A1E7A4F7556}") = "Bridge", "Structure Patterns\Object\Bridge\Bridge.csproj", "{5964890F-66C1-4F14-8260-0ADC48FBBCFC}"
EndProject
Project("{9A19103F-16F7-4668-BE54-9A1E7A4F7556}") = "Composite", "Structure Patterns\Object\Composite\Composite.csproj", "{90E39DDF-5A89-4290-9F5C-8C42C0192969}"
EndProject
Project("{9A19103F-16F7-4668-BE54-9A1E7A4F7556}") = "Decorator", "Structure Patterns\Object\Decorator\Decorator.csproj", "{AE8CEAC0-9045-4DFC-AF23-B24BBA51D57D}"
EndProject
Project("{9A19103F-16F7-4668-BE54-9A1E7A4F7556}") = "Facade", "Structure Patterns\Object\Facade\Facade.csproj", "{8C1DB269-EA0C-49A4-B3F5-F282C90E83F0}"
EndProject
Project("{9A19103F-16F7-4668-BE54-9A1E7A4F7556}") = "Flyweight", "Structure Patterns\Object\Flyweight\Flyweight.csproj", "{708E60E5-D4D5-46EE-BE55-E6834756AA50}"
EndProject
Project("{9A19103F-16F7-4668-BE54-9A1E7A4F7556}") = "Proxy", "Structure Patterns\Object\Proxy\Proxy.csproj", "{E44B9821-FD3D-42AF-874D-D5F7CAB4820A}"
EndProject
Project("{2150E333-8FDC-42A3-9474-1A3956D46DE8}") = "Class", "Class", "{D0D033D7-7411-4503-B528-120F5F25335F}"
EndProject
Project("{2150E333-8FDC-42A3-9474-1A3956D46DE8}") = "Interpreter", "Interpreter", "{451CE82C-0723-4A8F-950E-4664EB62D2BD}"
EndProject
Project("{9A19103F-16F7-4668-BE54-9A1E7A4F7556}") = "Interpreter 1", "Behavioral Patterns\Class\Interpreter\Interpreter 1\Interpreter 1.csproj", "{5535B334-E309-4011-AAA9-A12CCB209200}"
EndProject
Project("{9A19103F-16F7-4668-BE54-9A1E7A4F7556}") = "Interpreter 2", "Behavioral Patterns\Class\Interpreter\Interpreter 2\Interpreter 2.csproj", "{2C8DD2DD-D99C-48AF-824A-C657112DF9F6}"
EndProject
Project("{2150E333-8FDC-42A3-9474-1A3956D46DE8}") = "Bytecode", "Bytecode", "{140AFE3D-D5C2-479A-86CC-C1D03ED41FF6}"
EndProject
Project("{9A19103F-16F7-4668-BE54-9A1E7A4F7556}") = "Bytecode", "Behavioral Patterns\Others\Bytecode\Interpreter\Bytecode.csproj", "{923017F8-E46C-4F11-ABCA-9A013D475F63}"
EndProject
Project("{2150E333-8FDC-42A3-9474-1A3956D46DE8}") = "Prototype", "Prototype", "{9F26F51B-998E-4532-981E-86F7D450317E}"
EndProject
Project("{9A19103F-16F7-4668-BE54-9A1E7A4F7556}") = "Prototype 1", "Creational Patterns\Object\Prototype\Prototype 1\Prototype 1.csproj", "{4B860AB4-5796-4995-A004-2A246977ECEC}"
EndProject
Project("{9A19103F-16F7-4668-BE54-9A1E7A4F7556}") = "Prototype 2", "Creational Patterns\Object\Prototype\Prototype 2\Prototype 2.csproj", "{5915BF7C-E50C-470B-8AAA-7C21680E1F56}"
EndProject
Global
	GlobalSection(SolutionConfigurationPlatforms) = preSolution
		Debug|Any CPU = Debug|Any CPU
		Release|Any CPU = Release|Any CPU
	EndGlobalSection
	GlobalSection(ProjectConfigurationPlatforms) = postSolution
		{1EBF25CC-0E6C-4CE2-9FA9-8D8AFE03C80B}.Debug|Any CPU.ActiveCfg = Debug|Any CPU
		{1EBF25CC-0E6C-4CE2-9FA9-8D8AFE03C80B}.Debug|Any CPU.Build.0 = Debug|Any CPU
		{1EBF25CC-0E6C-4CE2-9FA9-8D8AFE03C80B}.Release|Any CPU.ActiveCfg = Release|Any CPU
		{1EBF25CC-0E6C-4CE2-9FA9-8D8AFE03C80B}.Release|Any CPU.Build.0 = Release|Any CPU
		{D5558D2B-4B45-42EB-9386-92798E7F79CA}.Debug|Any CPU.ActiveCfg = Debug|Any CPU
		{D5558D2B-4B45-42EB-9386-92798E7F79CA}.Debug|Any CPU.Build.0 = Debug|Any CPU
		{D5558D2B-4B45-42EB-9386-92798E7F79CA}.Release|Any CPU.ActiveCfg = Release|Any CPU
		{D5558D2B-4B45-42EB-9386-92798E7F79CA}.Release|Any CPU.Build.0 = Release|Any CPU
		{935413E1-A7D6-4956-9F17-519A4755B786}.Debug|Any CPU.ActiveCfg = Debug|Any CPU
		{935413E1-A7D6-4956-9F17-519A4755B786}.Debug|Any CPU.Build.0 = Debug|Any CPU
		{935413E1-A7D6-4956-9F17-519A4755B786}.Release|Any CPU.ActiveCfg = Release|Any CPU
		{935413E1-A7D6-4956-9F17-519A4755B786}.Release|Any CPU.Build.0 = Release|Any CPU
		{286DC61F-46A0-4466-B8FE-24AFED5DD70C}.Debug|Any CPU.ActiveCfg = Debug|Any CPU
		{286DC61F-46A0-4466-B8FE-24AFED5DD70C}.Debug|Any CPU.Build.0 = Debug|Any CPU
		{286DC61F-46A0-4466-B8FE-24AFED5DD70C}.Release|Any CPU.ActiveCfg = Release|Any CPU
		{286DC61F-46A0-4466-B8FE-24AFED5DD70C}.Release|Any CPU.Build.0 = Release|Any CPU
		{30E358BE-8C6A-41D0-BAA4-F0D6A3AA5718}.Debug|Any CPU.ActiveCfg = Debug|Any CPU
		{30E358BE-8C6A-41D0-BAA4-F0D6A3AA5718}.Debug|Any CPU.Build.0 = Debug|Any CPU
		{30E358BE-8C6A-41D0-BAA4-F0D6A3AA5718}.Release|Any CPU.ActiveCfg = Release|Any CPU
		{30E358BE-8C6A-41D0-BAA4-F0D6A3AA5718}.Release|Any CPU.Build.0 = Release|Any CPU
		{52212955-68BC-4AAB-8E61-5FF555EDFDED}.Debug|Any CPU.ActiveCfg = Debug|Any CPU
		{52212955-68BC-4AAB-8E61-5FF555EDFDED}.Debug|Any CPU.Build.0 = Debug|Any CPU
		{52212955-68BC-4AAB-8E61-5FF555EDFDED}.Release|Any CPU.ActiveCfg = Release|Any CPU
		{52212955-68BC-4AAB-8E61-5FF555EDFDED}.Release|Any CPU.Build.0 = Release|Any CPU
		{445D5724-3F6F-4689-A497-1EDB6F22BE8A}.Debug|Any CPU.ActiveCfg = Debug|Any CPU
		{445D5724-3F6F-4689-A497-1EDB6F22BE8A}.Debug|Any CPU.Build.0 = Debug|Any CPU
		{445D5724-3F6F-4689-A497-1EDB6F22BE8A}.Release|Any CPU.ActiveCfg = Release|Any CPU
		{445D5724-3F6F-4689-A497-1EDB6F22BE8A}.Release|Any CPU.Build.0 = Release|Any CPU
		{A67A125A-783F-43F7-BDB9-7998E5499DE5}.Debug|Any CPU.ActiveCfg = Debug|Any CPU
		{A67A125A-783F-43F7-BDB9-7998E5499DE5}.Debug|Any CPU.Build.0 = Debug|Any CPU
		{A67A125A-783F-43F7-BDB9-7998E5499DE5}.Release|Any CPU.ActiveCfg = Release|Any CPU
		{A67A125A-783F-43F7-BDB9-7998E5499DE5}.Release|Any CPU.Build.0 = Release|Any CPU
		{4FD45ABE-95CB-4D46-B57F-58E8E49182F5}.Debug|Any CPU.ActiveCfg = Debug|Any CPU
		{4FD45ABE-95CB-4D46-B57F-58E8E49182F5}.Debug|Any CPU.Build.0 = Debug|Any CPU
		{4FD45ABE-95CB-4D46-B57F-58E8E49182F5}.Release|Any CPU.ActiveCfg = Release|Any CPU
		{4FD45ABE-95CB-4D46-B57F-58E8E49182F5}.Release|Any CPU.Build.0 = Release|Any CPU
		{AE8B518D-51CF-4494-8491-472077260587}.Debug|Any CPU.ActiveCfg = Debug|Any CPU
		{AE8B518D-51CF-4494-8491-472077260587}.Debug|Any CPU.Build.0 = Debug|Any CPU
		{AE8B518D-51CF-4494-8491-472077260587}.Release|Any CPU.ActiveCfg = Release|Any CPU
		{AE8B518D-51CF-4494-8491-472077260587}.Release|Any CPU.Build.0 = Release|Any CPU
		{83B6126C-F097-4A53-94E5-C260A0FF7C9D}.Debug|Any CPU.ActiveCfg = Debug|Any CPU
		{83B6126C-F097-4A53-94E5-C260A0FF7C9D}.Debug|Any CPU.Build.0 = Debug|Any CPU
		{83B6126C-F097-4A53-94E5-C260A0FF7C9D}.Release|Any CPU.ActiveCfg = Release|Any CPU
		{83B6126C-F097-4A53-94E5-C260A0FF7C9D}.Release|Any CPU.Build.0 = Release|Any CPU
		{CB06C409-5514-4F5B-ADF5-47BB06C9E08E}.Debug|Any CPU.ActiveCfg = Debug|Any CPU
		{CB06C409-5514-4F5B-ADF5-47BB06C9E08E}.Debug|Any CPU.Build.0 = Debug|Any CPU
		{CB06C409-5514-4F5B-ADF5-47BB06C9E08E}.Release|Any CPU.ActiveCfg = Release|Any CPU
		{CB06C409-5514-4F5B-ADF5-47BB06C9E08E}.Release|Any CPU.Build.0 = Release|Any CPU
		{5964890F-66C1-4F14-8260-0ADC48FBBCFC}.Debug|Any CPU.ActiveCfg = Debug|Any CPU
		{5964890F-66C1-4F14-8260-0ADC48FBBCFC}.Debug|Any CPU.Build.0 = Debug|Any CPU
		{5964890F-66C1-4F14-8260-0ADC48FBBCFC}.Release|Any CPU.ActiveCfg = Release|Any CPU
		{5964890F-66C1-4F14-8260-0ADC48FBBCFC}.Release|Any CPU.Build.0 = Release|Any CPU
		{90E39DDF-5A89-4290-9F5C-8C42C0192969}.Debug|Any CPU.ActiveCfg = Debug|Any CPU
		{90E39DDF-5A89-4290-9F5C-8C42C0192969}.Debug|Any CPU.Build.0 = Debug|Any CPU
		{90E39DDF-5A89-4290-9F5C-8C42C0192969}.Release|Any CPU.ActiveCfg = Release|Any CPU
		{90E39DDF-5A89-4290-9F5C-8C42C0192969}.Release|Any CPU.Build.0 = Release|Any CPU
		{AE8CEAC0-9045-4DFC-AF23-B24BBA51D57D}.Debug|Any CPU.ActiveCfg = Debug|Any CPU
		{AE8CEAC0-9045-4DFC-AF23-B24BBA51D57D}.Debug|Any CPU.Build.0 = Debug|Any CPU
		{AE8CEAC0-9045-4DFC-AF23-B24BBA51D57D}.Release|Any CPU.ActiveCfg = Release|Any CPU
		{AE8CEAC0-9045-4DFC-AF23-B24BBA51D57D}.Release|Any CPU.Build.0 = Release|Any CPU
		{8C1DB269-EA0C-49A4-B3F5-F282C90E83F0}.Debug|Any CPU.ActiveCfg = Debug|Any CPU
		{8C1DB269-EA0C-49A4-B3F5-F282C90E83F0}.Debug|Any CPU.Build.0 = Debug|Any CPU
		{8C1DB269-EA0C-49A4-B3F5-F282C90E83F0}.Release|Any CPU.ActiveCfg = Release|Any CPU
		{8C1DB269-EA0C-49A4-B3F5-F282C90E83F0}.Release|Any CPU.Build.0 = Release|Any CPU
		{708E60E5-D4D5-46EE-BE55-E6834756AA50}.Debug|Any CPU.ActiveCfg = Debug|Any CPU
		{708E60E5-D4D5-46EE-BE55-E6834756AA50}.Debug|Any CPU.Build.0 = Debug|Any CPU
		{708E60E5-D4D5-46EE-BE55-E6834756AA50}.Release|Any CPU.ActiveCfg = Release|Any CPU
		{708E60E5-D4D5-46EE-BE55-E6834756AA50}.Release|Any CPU.Build.0 = Release|Any CPU
		{E44B9821-FD3D-42AF-874D-D5F7CAB4820A}.Debug|Any CPU.ActiveCfg = Debug|Any CPU
		{E44B9821-FD3D-42AF-874D-D5F7CAB4820A}.Debug|Any CPU.Build.0 = Debug|Any CPU
		{E44B9821-FD3D-42AF-874D-D5F7CAB4820A}.Release|Any CPU.ActiveCfg = Release|Any CPU
		{E44B9821-FD3D-42AF-874D-D5F7CAB4820A}.Release|Any CPU.Build.0 = Release|Any CPU
		{5535B334-E309-4011-AAA9-A12CCB209200}.Debug|Any CPU.ActiveCfg = Debug|Any CPU
		{5535B334-E309-4011-AAA9-A12CCB209200}.Debug|Any CPU.Build.0 = Debug|Any CPU
		{5535B334-E309-4011-AAA9-A12CCB209200}.Release|Any CPU.ActiveCfg = Release|Any CPU
		{5535B334-E309-4011-AAA9-A12CCB209200}.Release|Any CPU.Build.0 = Release|Any CPU
		{2C8DD2DD-D99C-48AF-824A-C657112DF9F6}.Debug|Any CPU.ActiveCfg = Debug|Any CPU
		{2C8DD2DD-D99C-48AF-824A-C657112DF9F6}.Debug|Any CPU.Build.0 = Debug|Any CPU
		{2C8DD2DD-D99C-48AF-824A-C657112DF9F6}.Release|Any CPU.ActiveCfg = Release|Any CPU
		{2C8DD2DD-D99C-48AF-824A-C657112DF9F6}.Release|Any CPU.Build.0 = Release|Any CPU
		{923017F8-E46C-4F11-ABCA-9A013D475F63}.Debug|Any CPU.ActiveCfg = Debug|Any CPU
		{923017F8-E46C-4F11-ABCA-9A013D475F63}.Debug|Any CPU.Build.0 = Debug|Any CPU
		{923017F8-E46C-4F11-ABCA-9A013D475F63}.Release|Any CPU.ActiveCfg = Release|Any CPU
		{923017F8-E46C-4F11-ABCA-9A013D475F63}.Release|Any CPU.Build.0 = Release|Any CPU
		{4B860AB4-5796-4995-A004-2A246977ECEC}.Debug|Any CPU.ActiveCfg = Debug|Any CPU
		{4B860AB4-5796-4995-A004-2A246977ECEC}.Debug|Any CPU.Build.0 = Debug|Any CPU
		{4B860AB4-5796-4995-A004-2A246977ECEC}.Release|Any CPU.ActiveCfg = Release|Any CPU
		{4B860AB4-5796-4995-A004-2A246977ECEC}.Release|Any CPU.Build.0 = Release|Any CPU
		{5915BF7C-E50C-470B-8AAA-7C21680E1F56}.Debug|Any CPU.ActiveCfg = Debug|Any CPU
		{5915BF7C-E50C-470B-8AAA-7C21680E1F56}.Debug|Any CPU.Build.0 = Debug|Any CPU
		{5915BF7C-E50C-470B-8AAA-7C21680E1F56}.Release|Any CPU.ActiveCfg = Release|Any CPU
		{5915BF7C-E50C-470B-8AAA-7C21680E1F56}.Release|Any CPU.Build.0 = Release|Any CPU
	EndGlobalSection
	GlobalSection(SolutionProperties) = preSolution
		HideSolutionNode = FALSE
	EndGlobalSection
	GlobalSection(NestedProjects) = preSolution
		{1EBF25CC-0E6C-4CE2-9FA9-8D8AFE03C80B} = {0FA0E9DF-AB9F-43C7-9373-A52FCCE4D2F7}
		{A0DFA47E-2417-4CD0-A03D-55C81F43B39F} = {79ED388C-317B-48B5-B432-B36090EF1C02}
		{D5558D2B-4B45-42EB-9386-92798E7F79CA} = {A0DFA47E-2417-4CD0-A03D-55C81F43B39F}
		{935413E1-A7D6-4956-9F17-519A4755B786} = {A0DFA47E-2417-4CD0-A03D-55C81F43B39F}
		{C761D0A9-DA65-4C8D-AB7A-7412DB618FFA} = {79ED388C-317B-48B5-B432-B36090EF1C02}
		{286DC61F-46A0-4466-B8FE-24AFED5DD70C} = {C761D0A9-DA65-4C8D-AB7A-7412DB618FFA}
		{5FEDDAAE-A739-41B8-932D-9E98CC5117EC} = {0FA0E9DF-AB9F-43C7-9373-A52FCCE4D2F7}
		{30E358BE-8C6A-41D0-BAA4-F0D6A3AA5718} = {5FEDDAAE-A739-41B8-932D-9E98CC5117EC}
		{137FBEFD-0BE8-42EB-9327-5D24E4DF1C3C} = {0FA0E9DF-AB9F-43C7-9373-A52FCCE4D2F7}
		{52212955-68BC-4AAB-8E61-5FF555EDFDED} = {137FBEFD-0BE8-42EB-9327-5D24E4DF1C3C}
		{445D5724-3F6F-4689-A497-1EDB6F22BE8A} = {137FBEFD-0BE8-42EB-9327-5D24E4DF1C3C}
		{A67A125A-783F-43F7-BDB9-7998E5499DE5} = {137FBEFD-0BE8-42EB-9327-5D24E4DF1C3C}
		{9A18EB1B-01AF-4165-A437-80E66B61A171} = {38659EFA-A5DC-4F0D-B2B7-A6E874B3ED32}
		{4FD45ABE-95CB-4D46-B57F-58E8E49182F5} = {9A18EB1B-01AF-4165-A437-80E66B61A171}
		{AE8B518D-51CF-4494-8491-472077260587} = {9A18EB1B-01AF-4165-A437-80E66B61A171}
		{83B6126C-F097-4A53-94E5-C260A0FF7C9D} = {9A18EB1B-01AF-4165-A437-80E66B61A171}
		{5A733080-2FD3-4583-912C-77A86554013A} = {F92C0B0C-F9C5-449F-90A0-4E0A689CF238}
		{CB06C409-5514-4F5B-ADF5-47BB06C9E08E} = {5A733080-2FD3-4583-912C-77A86554013A}
		{5964890F-66C1-4F14-8260-0ADC48FBBCFC} = {5A733080-2FD3-4583-912C-77A86554013A}
		{90E39DDF-5A89-4290-9F5C-8C42C0192969} = {5A733080-2FD3-4583-912C-77A86554013A}
		{AE8CEAC0-9045-4DFC-AF23-B24BBA51D57D} = {5A733080-2FD3-4583-912C-77A86554013A}
		{8C1DB269-EA0C-49A4-B3F5-F282C90E83F0} = {5A733080-2FD3-4583-912C-77A86554013A}
		{708E60E5-D4D5-46EE-BE55-E6834756AA50} = {5A733080-2FD3-4583-912C-77A86554013A}
		{E44B9821-FD3D-42AF-874D-D5F7CAB4820A} = {5A733080-2FD3-4583-912C-77A86554013A}
		{D0D033D7-7411-4503-B528-120F5F25335F} = {79ED388C-317B-48B5-B432-B36090EF1C02}
		{451CE82C-0723-4A8F-950E-4664EB62D2BD} = {D0D033D7-7411-4503-B528-120F5F25335F}
		{5535B334-E309-4011-AAA9-A12CCB209200} = {451CE82C-0723-4A8F-950E-4664EB62D2BD}
		{2C8DD2DD-D99C-48AF-824A-C657112DF9F6} = {451CE82C-0723-4A8F-950E-4664EB62D2BD}
		{140AFE3D-D5C2-479A-86CC-C1D03ED41FF6} = {C761D0A9-DA65-4C8D-AB7A-7412DB618FFA}
		{923017F8-E46C-4F11-ABCA-9A013D475F63} = {140AFE3D-D5C2-479A-86CC-C1D03ED41FF6}
		{9F26F51B-998E-4532-981E-86F7D450317E} = {137FBEFD-0BE8-42EB-9327-5D24E4DF1C3C}
		{4B860AB4-5796-4995-A004-2A246977ECEC} = {9F26F51B-998E-4532-981E-86F7D450317E}
		{5915BF7C-E50C-470B-8AAA-7C21680E1F56} = {9F26F51B-998E-4532-981E-86F7D450317E}
	EndGlobalSection
	GlobalSection(ExtensibilityGlobals) = postSolution
		SolutionGuid = {EF0F191E-AE1B-4E38-A3D6-C91B654AD3F6}
	EndGlobalSection
EndGlobal
