
Microsoft Visual Studio Solution File, Format Version 12.00
# Visual Studio Version 17
VisualStudioVersion = 17.5.002.0
MinimumVisualStudioVersion = 10.0.40219.1
Project("{9A19103F-16F7-4668-BE54-9A1E7A4F7556}") = "Game Loop", "Game Loop.csproj", "{26238C64-A2B7-4C61-9CFF-F8014810B72F}"
EndProject
Project("{FAE04EC0-301F-11D3-BF4B-00C04F79EFBC}") = "Example", "..\..\..\Creational Patterns\Example\Example.csproj", "{8BC82478-93EA-482D-B829-73C3EE893529}"
EndProject
Project("{FAE04EC0-301F-11D3-BF4B-00C04F79EFBC}") = "Abstract Factory", "..\..\..\Creational Patterns\Object\Abstract Factory\Abstract Factory.csproj", "{7D7EC628-5AA9-4F36-BE2C-5469D3E200AD}"
EndProject
Project("{FAE04EC0-301F-11D3-BF4B-00C04F79EFBC}") = "Builder", "..\..\..\Creational Patterns\Object\Builder\Builder.csproj", "{B784062D-9CE9-4117-9797-D20C5BE8DC0A}"
EndProject
Project("{FAE04EC0-301F-11D3-BF4B-00C04F79EFBC}") = "Factory Method", "..\..\..\Creational Patterns\Class\Factory Method\Factory Method.csproj", "{5477404B-4643-4E65-AD67-1E67D7566B56}"
EndProject
Project("{FAE04EC0-301F-11D3-BF4B-00C04F79EFBC}") = "Prototype New", "..\..\..\Creational Patterns\Object\Prototype New\Prototype New.csproj", "{BC4D4FC9-65EF-4E18-A930-D32F9A49EC6C}"
EndProject
Project("{FAE04EC0-301F-11D3-BF4B-00C04F79EFBC}") = "Singleton", "..\..\..\Creational Patterns\Object\Singleton\Singleton.csproj", "{A0EEB18D-8FB2-4A45-BE2D-42D7E560D5E2}"
EndProject
Project("{FAE04EC0-301F-11D3-BF4B-00C04F79EFBC}") = "Adapter", "..\..\..\Structure Patterns\Object\Adapter\Adapter.csproj", "{04BCB593-CA2F-46AB-AF02-1C08ACCD6DD1}"
EndProject
Project("{FAE04EC0-301F-11D3-BF4B-00C04F79EFBC}") = "Bridge", "..\..\..\Structure Patterns\Object\Bridge\Bridge.csproj", "{4A7C6E9F-9AA9-42AE-92AC-79A47F1AA7D0}"
EndProject
Project("{FAE04EC0-301F-11D3-BF4B-00C04F79EFBC}") = "Composite", "..\..\..\Structure Patterns\Object\Composite\Composite.csproj", "{B307B625-FC96-4685-A926-D20C725362E9}"
EndProject
Global
	GlobalSection(SolutionConfigurationPlatforms) = preSolution
		Debug|Any CPU = Debug|Any CPU
		Release|Any CPU = Release|Any CPU
	EndGlobalSection
	GlobalSection(ProjectConfigurationPlatforms) = postSolution
		{26238C64-A2B7-4C61-9CFF-F8014810B72F}.Debug|Any CPU.ActiveCfg = Debug|Any CPU
		{26238C64-A2B7-4C61-9CFF-F8014810B72F}.Debug|Any CPU.Build.0 = Debug|Any CPU
		{26238C64-A2B7-4C61-9CFF-F8014810B72F}.Release|Any CPU.ActiveCfg = Release|Any CPU
		{26238C64-A2B7-4C61-9CFF-F8014810B72F}.Release|Any CPU.Build.0 = Release|Any CPU
		{8BC82478-93EA-482D-B829-73C3EE893529}.Debug|Any CPU.ActiveCfg = Debug|Any CPU
		{8BC82478-93EA-482D-B829-73C3EE893529}.Debug|Any CPU.Build.0 = Debug|Any CPU
		{8BC82478-93EA-482D-B829-73C3EE893529}.Release|Any CPU.ActiveCfg = Release|Any CPU
		{8BC82478-93EA-482D-B829-73C3EE893529}.Release|Any CPU.Build.0 = Release|Any CPU
		{7D7EC628-5AA9-4F36-BE2C-5469D3E200AD}.Debug|Any CPU.ActiveCfg = Debug|Any CPU
		{7D7EC628-5AA9-4F36-BE2C-5469D3E200AD}.Debug|Any CPU.Build.0 = Debug|Any CPU
		{7D7EC628-5AA9-4F36-BE2C-5469D3E200AD}.Release|Any CPU.ActiveCfg = Release|Any CPU
		{7D7EC628-5AA9-4F36-BE2C-5469D3E200AD}.Release|Any CPU.Build.0 = Release|Any CPU
		{B784062D-9CE9-4117-9797-D20C5BE8DC0A}.Debug|Any CPU.ActiveCfg = Debug|Any CPU
		{B784062D-9CE9-4117-9797-D20C5BE8DC0A}.Debug|Any CPU.Build.0 = Debug|Any CPU
		{B784062D-9CE9-4117-9797-D20C5BE8DC0A}.Release|Any CPU.ActiveCfg = Release|Any CPU
		{B784062D-9CE9-4117-9797-D20C5BE8DC0A}.Release|Any CPU.Build.0 = Release|Any CPU
		{5477404B-4643-4E65-AD67-1E67D7566B56}.Debug|Any CPU.ActiveCfg = Debug|Any CPU
		{5477404B-4643-4E65-AD67-1E67D7566B56}.Debug|Any CPU.Build.0 = Debug|Any CPU
		{5477404B-4643-4E65-AD67-1E67D7566B56}.Release|Any CPU.ActiveCfg = Release|Any CPU
		{5477404B-4643-4E65-AD67-1E67D7566B56}.Release|Any CPU.Build.0 = Release|Any CPU
		{BC4D4FC9-65EF-4E18-A930-D32F9A49EC6C}.Debug|Any CPU.ActiveCfg = Debug|Any CPU
		{BC4D4FC9-65EF-4E18-A930-D32F9A49EC6C}.Debug|Any CPU.Build.0 = Debug|Any CPU
		{BC4D4FC9-65EF-4E18-A930-D32F9A49EC6C}.Release|Any CPU.ActiveCfg = Release|Any CPU
		{BC4D4FC9-65EF-4E18-A930-D32F9A49EC6C}.Release|Any CPU.Build.0 = Release|Any CPU
		{A0EEB18D-8FB2-4A45-BE2D-42D7E560D5E2}.Debug|Any CPU.ActiveCfg = Debug|Any CPU
		{A0EEB18D-8FB2-4A45-BE2D-42D7E560D5E2}.Debug|Any CPU.Build.0 = Debug|Any CPU
		{A0EEB18D-8FB2-4A45-BE2D-42D7E560D5E2}.Release|Any CPU.ActiveCfg = Release|Any CPU
		{A0EEB18D-8FB2-4A45-BE2D-42D7E560D5E2}.Release|Any CPU.Build.0 = Release|Any CPU
		{04BCB593-CA2F-46AB-AF02-1C08ACCD6DD1}.Debug|Any CPU.ActiveCfg = Debug|Any CPU
		{04BCB593-CA2F-46AB-AF02-1C08ACCD6DD1}.Debug|Any CPU.Build.0 = Debug|Any CPU
		{04BCB593-CA2F-46AB-AF02-1C08ACCD6DD1}.Release|Any CPU.ActiveCfg = Release|Any CPU
		{04BCB593-CA2F-46AB-AF02-1C08ACCD6DD1}.Release|Any CPU.Build.0 = Release|Any CPU
		{4A7C6E9F-9AA9-42AE-92AC-79A47F1AA7D0}.Debug|Any CPU.ActiveCfg = Debug|Any CPU
		{4A7C6E9F-9AA9-42AE-92AC-79A47F1AA7D0}.Debug|Any CPU.Build.0 = Debug|Any CPU
		{4A7C6E9F-9AA9-42AE-92AC-79A47F1AA7D0}.Release|Any CPU.ActiveCfg = Release|Any CPU
		{4A7C6E9F-9AA9-42AE-92AC-79A47F1AA7D0}.Release|Any CPU.Build.0 = Release|Any CPU
		{B307B625-FC96-4685-A926-D20C725362E9}.Debug|Any CPU.ActiveCfg = Debug|Any CPU
		{B307B625-FC96-4685-A926-D20C725362E9}.Debug|Any CPU.Build.0 = Debug|Any CPU
		{B307B625-FC96-4685-A926-D20C725362E9}.Release|Any CPU.ActiveCfg = Release|Any CPU
		{B307B625-FC96-4685-A926-D20C725362E9}.Release|Any CPU.Build.0 = Release|Any CPU
	EndGlobalSection
	GlobalSection(SolutionProperties) = preSolution
		HideSolutionNode = FALSE
	EndGlobalSection
	GlobalSection(ExtensibilityGlobals) = postSolution
		SolutionGuid = {34AFDDDE-8C44-40A0-A2FD-0558B7B5D622}
	EndGlobalSection
EndGlobal
